github.com/0leksandr/my.go v1.3.0 h1:yWrXPCh+ojpuwLtZbvv30DI19EJulEygoFB2/BVw7DY=
github.com/0leksandr/my.go v1.3.0/go.mod h1:oRpxjRhWbgT81aoA6Oncy8flND6JqWw1a1qJuMX9sso=
github.com/0leksandr/my.go v1.3.2 h1:XwIugWvUC0Xrp0nmE/fZMdP2oLlJJDvQNtYdDDnE4Zs=
github.com/0leksandr/my.go v1.3.2/go.mod h1:oRpxjRhWbgT81aoA6Oncy8flND6JqWw1a1qJuMX9sso=
github.com/0leksandr/my.go v1.3.11 h1:/cklXWcUGa72NZ+cxFbRtNnDZ6S40UJ4nfXEUUSgrFg=
github.com/0leksandr/my.go v1.3.11/go.mod h1:oRpxjRhWbgT81aoA6Oncy8flND6JqWw1a1qJuMX9sso=
github.com/0leksandr/my.go v1.4.0 h1:E2Kf3fZPaCRP1LjIuqFsCbciRZbf7uD0dD7iz/lyqfM=
github.com/0leksandr/my.go v1.4.0/go.mod h1:oRpxjRhWbgT81aoA6Oncy8flND6JqWw1a1qJuMX9sso=
github.com/0leksandr/my.go v1.5.0 h1:OoJg0nJfqROjb6SYphmKZJ9wbVx9B5iofLMs5TExZyk=
github.com/0leksandr/my.go v1.5.0/go.mod h1:oRpxjRhWbgT81aoA6Oncy8flND6JqWw1a1qJuMX9sso=
github.com/0leksandr/my.go v1.6.0 h1:yTEdH1lLEIBJt9I4rTFg+NGdB6EsgLqk+/PSl2Ft5M8=
github.com/0leksandr/my.go v1.6.0/go.mod h1:oRpxjRhWbgT81aoA6Oncy8flND6JqWw1a1qJuMX9sso=
github.com/0leksandr/my.go v1.6.3 h1:pujEOw18O0SLp231ysMrVohJrb9JnyJDlKXN0rcyM2s=
github.com/0leksandr/my.go v1.6.3/go.mod h1:oRpxjRhWbgT81aoA6Oncy8flND6JqWw1a1qJuMX9sso=
github.com/0leksandr/my.go v1.7.0 h1:MYD0efPgfmkiQh8weDYLaVK4rmdsCNQpncBpytYGMhA=
github.com/0leksandr/my.go v1.7.0/go.mod h1:OwgqYIcRcUVUjvmk+cgRIOxhCbsH0TfgYjfqVQ19HC4=
github.com/davecgh/go-spew v1.1.1 h1:vj9j/u1bqnvCEfJOwUhtlOARqs3+rkHYY13jYWTU97c=
github.com/davecgh/go-spew v1.1.1/go.mod h1:J7Y8YcW2NihsgmVo/mv3lAwl/skON4iLHjSsI+c5H38=
github.com/fsnotify/fsnotify v1.5.3 h1:vNFpj2z7YIbwh2bw7x35sqYpp2wfuq+pivKbWG09B8c=
github.com/fsnotify/fsnotify v1.5.3/go.mod h1:T3375wBYaZdLLcVNkcVbzGHY7f1l/uK5T5Ai1i3InKU=
github.com/mattn/go-sqlite3 v1.14.16 h1:yOQRA0RpS5PFz/oikGwBEqvAWhWg5ufRz4ETLjwpU1Y=
github.com/mattn/go-sqlite3 v1.14.16/go.mod h1:2eHXhiwb8IkHr+BDWZGa96P6+rkvnG63S2DGjv9HUNg=
golang.org/x/sys v0.0.0-20210630005230-0f9fa26af87c h1:F1jZWGFhYfh0Ci55sIpILtKKK8p3i2/krTr0H1rg74I=
golang.org/x/sys v0.0.0-20210630005230-0f9fa26af87c/go.mod h1:oPkhp1MJrh7nUepCBck5+mAzfO9JrbApNNgaTdGDITg=
